PODS:
  - AAPlayer (1.0.3)
  - Alamofire (4.6.0)
  - SideMenu (3.1.5)
  - SnapKit (4.0.0)
  - SwiftyJSON (4.0.0)
  - VGPlayer (0.2.0):
    - SnapKit (~> 4.0.0)

DEPENDENCIES:
  - AAPlayer (~> 1.0)
  - Alamofire (~> 4.6)
  - SideMenu (~> 3.1)
  - SwiftyJSON (~> 4.0)
  - VGPlayer (~> 0.2)

SPEC CHECKSUMS:
  AAPlayer: bd478936fb9c15204b1be3ac17e7125e65bbf2d5
  Alamofire: f41a599bd63041760b26d393ec1069d9d7b917f4
  SideMenu: 47dbf9e4d878062d8994aed43f6e4bf6c1fea30b
  SnapKit: a42d492c16e80209130a3379f73596c3454b7694
  SwiftyJSON: 070dabdcb1beb81b247c65ffa3a79dbbfb3b48aa
  VGPlayer: a1787135559aa3b9201ebdc733ee283315492289

PODFILE CHECKSUM: 1addcc8b56c8c76be2cf086596e04d6208f86132

COCOAPODS: 1.3.1
