PODS:
  - AAPlayer (1.0.3)
  - Alamofire (4.7.1)
  - Cache (4.1.2)
  - Cosmos (15.0.0)
  - GradientProgressBar (1.2.1)
  - Imaginary (3.0.3):
    - Cache (~> 4.0)
  - PDFReader (2.5.1)
  - SideMenu (3.1.5)
  - SwiftyJSON (4.0.0)

DEPENDENCIES:
  - AAPlayer (~> 1.0)
  - Alamofire (~> 4.6)
  - Cosmos (~> 15.0)
  - GradientProgressBar (~> 1.0)
  - Imaginary (~> 3.0)
  - PDFReader (~> 2.5)
  - SideMenu (~> 3.1)
  - SwiftyJSON (~> 4.0)

SPEC CHECKSUMS:
  AAPlayer: bd478936fb9c15204b1be3ac17e7125e65bbf2d5
  Alamofire: 68d7d521118d49c615a8d2214d87cdf525599d30
  Cache: bd0233fc688b5e83a27bcd87807db7e6f23adcc5
  Cosmos: a6dbd3d0baa0cc8f51f8598f7508d5a09d0a9ade
  GradientProgressBar: 00c7066ee3a1a7a3eb0419ff953f28c8ddf6bd91
  Imaginary: 9b45836a5af881f452a86e0a1215772ae4712d00
  PDFReader: 2c4a845d0560f33221cf911516e3b700967680f6
  SideMenu: 47dbf9e4d878062d8994aed43f6e4bf6c1fea30b
  SwiftyJSON: 070dabdcb1beb81b247c65ffa3a79dbbfb3b48aa

PODFILE CHECKSUM: 0f0445e6600499f3593dc0901d0da96d9c7cadc0

COCOAPODS: 1.4.0
